
Microsoft Visual Studio Solution File, Format Version 12.00
# Visual Studio Version 17
VisualStudioVersion = 17.9.34616.47
MinimumVisualStudioVersion = 10.0.40219.1
Project("{FAE04EC0-301F-11D3-BF4B-00C04F79EFBC}") = "InterfaceClassWork2_ICloneable", "InterfaceClassWork2_ICloneable.csproj", "{835CD05E-A26E-4AAA-BAA2-EC5185CFD793}"
EndProject
Global
	GlobalSection(SolutionConfigurationPlatforms) = preSolution
		Debug|Any CPU = Debug|Any CPU
		Release|Any CPU = Release|Any CPU
	EndGlobalSection
	GlobalSection(ProjectConfigurationPlatforms) = postSolution
		{835CD05E-A26E-4AAA-BAA2-EC5185CFD793}.Debug|Any CPU.ActiveCfg = Debug|Any CPU
		{835CD05E-A26E-4AAA-BAA2-EC5185CFD793}.Debug|Any CPU.Build.0 = Debug|Any CPU
		{835CD05E-A26E-4AAA-BAA2-EC5185CFD793}.Release|Any CPU.ActiveCfg = Release|Any CPU
		{835CD05E-A26E-4AAA-BAA2-EC5185CFD793}.Release|Any CPU.Build.0 = Release|Any CPU
	EndGlobalSection
	GlobalSection(SolutionProperties) = preSolution
		HideSolutionNode = FALSE
	EndGlobalSection
	GlobalSection(ExtensibilityGlobals) = postSolution
		SolutionGuid = {F43DF8ED-6052-4A58-87B5-F395554D9138}
	EndGlobalSection
EndGlobal
